{
    "_readme": [
        "This file locks the dependencies of your project to a known state",
        "Read more about it at https://getcomposer.org/doc/01-basic-usage.md#composer-lock-the-lock-file",
        "This file is @generated automatically"
    ],
    "hash": "9a52b670873095dadae226fc9ad7a063",
    "content-hash": "713403877160c2f68fe80ee7686c15c4",
    "packages": [
        {
            "name": "arzynik/tipsy",
            "version": "dev-master",
            "source": {
                "type": "git",
                "url": "https://github.com/arzynik/tipsy.git",
                "reference": "e43ec8c8e42b6a2f2ed68539669e0813c5ced8af"
            },
            "dist": {
                "type": "zip",
                "url": "https://api.github.com/repos/arzynik/tipsy/zipball/e43ec8c8e42b6a2f2ed68539669e0813c5ced8af",
                "reference": "e43ec8c8e42b6a2f2ed68539669e0813c5ced8af",
                "shasum": ""
            },
            "require": {
                "php": ">=5.4.0"
            },
            "require-dev": {
                "satooshi/php-coveralls": "dev-master"
            },
            "type": "library",
            "autoload": {
                "psr-0": {
                    "Tipsy": "src/"
                }
            },
            "notification-url": "https://packagist.org/downloads/",
            "license": [
                "MIT"
            ],
            "authors": [
                {
                    "name": "Devin Smith",
                    "email": "devin@tipsy.la",
                    "homepage": "http://devin.la",
                    "role": "Developer"
                }
            ],
            "description": "An MVW PHP framework",
            "keywords": [
                "framework",
                "mvc",
                "mvw",
                "php"
            ],
            "time": "2015-11-29 01:36:40"
        }
    ],
    "packages-dev": [],
    "aliases": [],
    "minimum-stability": "stable",
    "stability-flags": {
        "arzynik/tipsy": 20
    },
    "prefer-stable": false,
    "prefer-lowest": false,
    "platform": {
        "php": ">=5.4.0"
    },
    "platform-dev": []
}
