{
    "_readme": [
        "This file locks the dependencies of your project to a known state",
        "Read more about it at http://getcomposer.org/doc/01-basic-usage.md#composer-lock-the-lock-file",
        "This file is @generated automatically"
    ],
    "hash": "9a52b670873095dadae226fc9ad7a063",
    "packages": [
        {
            "name": "arzynik/tipsy",
            "version": "dev-master",
            "source": {
                "type": "git",
                "url": "https://github.com/arzynik/Tipsy.git",
                "reference": "50ccaef7c6775ec058451738c157f202eccaf17d"
            },
            "dist": {
                "type": "zip",
                "url": "https://api.github.com/repos/arzynik/Tipsy/zipball/50ccaef7c6775ec058451738c157f202eccaf17d",
                "reference": "50ccaef7c6775ec058451738c157f202eccaf17d",
                "shasum": ""
            },
            "require": {
                "php": ">=5.4.0"
            },
            "type": "library",
            "autoload": {
                "psr-0": {
                    "Tipsy": "src/"
                }
            },
            "notification-url": "https://packagist.org/downloads/",
            "license": [
                "MIT"
            ],
            "authors": [
                {
                    "name": "Devin Smith",
                    "email": "devin@tipsy.la",
                    "homepage": "http://devin.la",
                    "role": "Developer"
                }
            ],
            "description": "An MVW PHP framework",
            "keywords": [
                "framework",
                "mvc",
                "mvw",
                "php"
            ],
            "time": "2015-01-29 17:29:08"
        }
    ],
    "packages-dev": [],
    "aliases": [],
    "minimum-stability": "stable",
    "stability-flags": {
        "arzynik/tipsy": 20
    },
    "prefer-stable": false,
    "platform": {
        "php": ">=5.4.0"
    },
    "platform-dev": []
}
